github.com/gin-gonic/gin v1.9.1 h1:AHBPDa6QbcDtF5Mfh+7AgalTrdj0a28TO5ezJxX2GYE=
github.com/spf13/viper v1.15.0 h1:fO6BC5B9N0Xshq49+FS5NcaxdbZ/0vuLrKg5VvIgMd0=
github.com/stretchr/testify v1.8.1 h1:w2ZDUIPe/q5kW16WrIRsTnCjPAE9VNArrZU+NkzsMUU=
gopkg.in/yaml.v2 v2.4.0 h1:D8xgwECY7CYvx+Y2n4sBz93Jn9JRvxdiyyo8CTfuKaY=
github.com/bytedance/sonic v1.9.1 h1:pLLgbQcPClORnhmI6jz8d7btQmsNUpqnPi0hER5fVGQ=
github.com/chenzhuoyu/base64x v0.0.0-20221115062448-fe3a3abad311 h1:qjkE3WW7+huyG+a3A0IZ5kqBRQTHwhRNlQEwnJWvR/U=
github.com/davecgh/go-spew v1.1.1 h1:vj9j/u1bqnvCEfJOwUhtlOARqs3+rkHYY13jYKnQxlk=
github.com/gabriel-vasile/mimetype v1.4.2 h1:ZqjFGO60XxNqSgIKfcX1ZwcviRyqBUY1MM6Xhl4yFIc=
github.com/gin-contrib/sse v0.1.0 h1:Y/yl/+YNO8x2icK+hMNn9SGAgrIxJxupQ4DYT7WJs5M=
github.com/go-playground/locales v0.14.1 h1:EWaQ/wswjilfKLTECiXz7Rh+3BjFhfDFKv/oXslEjJA=
github.com/go-playground/universal-translator v0.18.1 h1:Bcnm0ZwsGyWbCzImXv+pAJnYK9S473LQFuzCbJFLx4w=
github.com/go-playground/validator/v10 v10.14.0 h1:4uGzfowQstKO4hjFZNbeJl+TvXRINbsxE48sD0wIxoU=
github.com/goccy/go-json v0.10.2 h1:CrxCmQqYDkv1z7lO7Wbh2HN93uovUHgrECaO5ZrCXAU=
github.com/json-iterator/go v1.1.12 h1:PVzBFleZSJewLv2CJ8DiiJDJ2LR7kQSFQSzj/8DaAcI=
github.com/klauspost/cpuid/v2 v2.2.4 h1:0E5MSMDEoAulmXNFquVsXbsWMkvw6BoA3XZjScuNmEw=
github.com/leodido/go-urn v1.2.4 h1:tpqFhlmiqPzcJNGsoLxu6AVXYlZFkMUL21GdDdf5Ntc=
github.com/mattn/go-isatty v0.0.19 h1:ZqB4ve2a0uhEHjbSWJMqWRdW68EmD9HYl2CS4SArSeY=
github.com/modern-go/concurrent v0.0.0-20180306012644-bacd9c7ef1dd h1:TRLaZ9cD/w8PVh93nsPXa1VrQ6jlwL5oN8l14QlcNfg=
github.com/modern-go/reflect2 v1.0.2 h1:xBagoLtFs94CBntxluKeaWgTMpvLxC4ur3nMaC9Gz0M=
github.com/pelletier/go-toml/v2 v2.0.8 h1:0ctb6s9mE31h0/lhuX9ywKKtEuZhzaIR+wTqKdKM8RmA=
github.com/pkg/errors v0.9.1 h1:FEBLx1zS214owpjy7qsBeixbURkuhQAwrK5UwLGTwt4=
github.com/pmezard/go-difflib v1.0.0 h1:4DBwDE0NGyQoBHbLQYPwSUPoCMWR5BEzIk/f1lZbAQM=
github.com/spf13/afero v1.9.2 h1:MqiZ0cNPSlO0/XE8vK0kJNvtkxXzAvP11kcGMBlh06Vo=
github.com/spf13/cast v1.5.0 h1:5w2Ejpmyzg9ljW+ydD5D+yHgEAGFACN0q2E8D00+jE8=
github.com/spf13/jwalterweatherman v1.1.0 h1:ue6pxF3E/RMXBWZqUF4XHU81x6FY5GV51XC807E0iow=
github.com/spf13/pflag v1.0.5 h1:iy+VFUOCP1a+8yFto/drg2CJ5uDODBZZxL/5BrMr6Jk=
github.com/subosito/gotenv v1.4.2 h1:5tX29rSBYTjD36cChH+BhaONbfLJ0YqRP2EtXwxxprs=
github.com/twitchyliquid64/golang-asm v0.15.1 h1:WHPuCvrxG5rePlVG66ZTQCAYIQ9koVEgy5I7F0hvc7k=
github.com/ugorji/go/codec v1.2.11 h1:34x8QEW+5TMqPHa6ABDFbEcboA3HZmp4m4V/3Ee8suA=
golang.org/x/arch v0.3.0 h1:d/OVVEfNrsRkGFy6KH2VkC5AoLJQgc3N/qzGBcoZo3k=
golang.org/x/crypto v0.10.0 h1:KdKQhkBbxWJoC3/lD/Yqvo/MoqAYxiQkwagYxVzWM94=
golang.org/x/net v0.11.0 h1:2HsaBdxtW3L1lvwwGCNBtgSh+4wmqdX8cZ6hrlo9HjY=
golang.org/x/sys v0.9.0 h1:rOm7f5Awq7hnYmjWjAbITsVrGSFzyIsPk5Ak8BV3tKc=
golang.org/x/text v0.10.0 h1:kTxAkKGCHZay0jZHvsggvXUW0uMm87KXJDbpXOqKEbY=
google.golang.org/protobuf v1.30.0 h1:oDvXMFfEjR1XOBlgV5ycc/1pDxbPyKIJ4OiOaGmD1Vo=
gopkg.in/ini.v1 v1.67.0 h1:OpSw6Rzi1XWp6pBj40tjtg0GjngMHS7yzjti+rQV0Ok=
gopkg.in/yaml.v3 v3.0.1 h1:fxVm/GzAzEWqLHuvctI91KS9hhNmmWOoWu0XTYJS7CA=